
Microsoft Visual Studio Solution File, Format Version 12.00
# Visual Studio Version 16
VisualStudioVersion = 25.0.1700.0
MinimumVisualStudioVersion = 10.0.40219.1
Project("{FAE04EC0-301F-11D3-BF4B-00C04F79EFBC}") = "NetCore_Tutorial", "NetCore_Tutorial\NetCore_Tutorial.csproj", "{B65016F9-BE07-459A-A1D2-15885DCA1C62}"
EndProject
Global
	GlobalSection(SolutionConfigurationPlatforms) = preSolution
		Debug|Any CPU = Debug|Any CPU
		Release|Any CPU = Release|Any CPU
	EndGlobalSection
	GlobalSection(ProjectConfigurationPlatforms) = postSolution
		{B65016F9-BE07-459A-A1D2-15885DCA1C62}.Debug|Any CPU.ActiveCfg = Debug|Any CPU
		{B65016F9-BE07-459A-A1D2-15885DCA1C62}.Debug|Any CPU.Build.0 = Debug|Any CPU
		{B65016F9-BE07-459A-A1D2-15885DCA1C62}.Release|Any CPU.ActiveCfg = Release|Any CPU
		{B65016F9-BE07-459A-A1D2-15885DCA1C62}.Release|Any CPU.Build.0 = Release|Any CPU
	EndGlobalSection
	GlobalSection(SolutionProperties) = preSolution
		HideSolutionNode = FALSE
	EndGlobalSection
	GlobalSection(ExtensibilityGlobals) = postSolution
		SolutionGuid = {F25502AC-90FD-4EB8-A471-09A241CEF530}
	EndGlobalSection
EndGlobal
